<?xml version="1.0" encoding="utf-8"?>
<Project ToolsVersion="4.0" xmlns="http://schemas.microsoft.com/developer/msbuild/2003">
  <ItemGroup>
    <Filter Include="Source Files">
      <UniqueIdentifier>{4FC737F1-C7A5-4376-A066-2A32D752A2FF}</UniqueIdentifier>
      <Extensions>cpp;c;cc;cxx;def;odl;idl;hpj;bat;asm;asmx</Extensions>
    </Filter>
    <Filter Include="Header Files">
      <UniqueIdentifier>{93995380-89BD-4b04-88EB-625FBE52EBFB}</UniqueIdentifier>
      <Extensions>h;hh;hpp;hxx;hm;inl;inc;xsd</Extensions>
    </Filter>
    <Filter Include="Resource Files">
      <UniqueIdentifier>{67DA6AB6-F800-4c08-8B7A-83BB121AAD01}</UniqueIdentifier>
      <Extensions>rc;ico;cur;bmp;dlg;rc2;rct;bin;rgs;gif;jpg;jpeg;jpe;resx;tiff;tif;png;wav;mfcribbon-ms</Extensions>
    </Filter>
    <Filter Include="Shaders">
      <UniqueIdentifier>{2ade7ffc-a012-4ad3-9714-17304937fd3e}</UniqueIdentifier>
    </Filter>
    <Filter Include="Resource Files\skybox">
      <UniqueIdentifier>{99c8e3c4-c9d5-4b36-b3f0-dcb88562178a}</UniqueIdentifier>
    </Filter>
    <Filter Include="Resource Files\heightmap">
      <UniqueIdentifier>{43a08d5a-b8ed-4a41-aadc-4d77fb37027f}</UniqueIdentifier>
    </Filter>
  </ItemGroup>
  <ItemGroup>
    <ClInclude Include="..\Cube.h">
      <Filter>Header Files</Filter>
    </ClInclude>
    <ClInclude Include="..\main.h">
      <Filter>Header Files</Filter>
    </ClInclude>
    <ClInclude Include="..\Window.h">
      <Filter>Header Files</Filter>
    </ClInclude>
    <ClInclude Include="..\shader.h">
      <Filter>Header Files</Filter>
    </ClInclude>
    <ClInclude Include="..\SkyBox.h">
      <Filter>Header Files</Filter>
    </ClInclude>
    <ClInclude Include="..\PerlinNoise.h">
      <Filter>Header Files</Filter>
    </ClInclude>
    <ClInclude Include="..\HeightMap.h">
      <Filter>Header Files</Filter>
    </ClInclude>
    <ClInclude Include="..\util.h">
      <Filter>Header Files</Filter>
    </ClInclude>
    <ClInclude Include="..\Texture.h">
      <Filter>Header Files</Filter>
    </ClInclude>
    <ClInclude Include="..\Water.h">
      <Filter>Header Files</Filter>
    </ClInclude>
    <ClInclude Include="..\Camera.h">
      <Filter>Header Files</Filter>
    </ClInclude>
    <ClInclude Include="..\Particle.h">
      <Filter>Header Files</Filter>
    </ClInclude>
    <ClInclude Include="..\ParticleManager.h">
      <Filter>Header Files</Filter>
    </ClInclude>
    <ClInclude Include="..\Particles.h">
      <Filter>Header Files</Filter>
    </ClInclude>
  </ItemGroup>
  <ItemGroup>
    <ClCompile Include="..\main.cpp">
      <Filter>Source Files</Filter>
    </ClCompile>
    <ClCompile Include="..\shader.cpp">
      <Filter>Source Files</Filter>
    </ClCompile>
    <ClCompile Include="..\Window.cpp">
      <Filter>Source Files</Filter>
    </ClCompile>
    <ClCompile Include="..\Cube.cpp">
      <Filter>Source Files</Filter>
    </ClCompile>
    <ClCompile Include="..\SkyBox.cpp">
      <Filter>Source Files</Filter>
    </ClCompile>
    <ClCompile Include="..\PerlinNoise.cpp">
      <Filter>Source Files</Filter>
    </ClCompile>
    <ClCompile Include="..\HeightMap.cpp">
      <Filter>Source Files</Filter>
    </ClCompile>
    <ClCompile Include="..\util.cpp">
      <Filter>Source Files</Filter>
    </ClCompile>
    <ClCompile Include="..\Texture.cpp">
      <Filter>Source Files</Filter>
    </ClCompile>
    <ClCompile Include="..\Water.cpp">
      <Filter>Source Files</Filter>
    </ClCompile>
    <ClCompile Include="..\Camera.cpp">
      <Filter>Source Files</Filter>
    </ClCompile>
    <ClCompile Include="..\Particle.cpp">
      <Filter>Source Files</Filter>
    </ClCompile>
    <ClCompile Include="..\ParticleManager.cpp">
      <Filter>Source Files</Filter>
    </ClCompile>
    <ClCompile Include="..\Particles.cpp">
      <Filter>Source Files</Filter>
    </ClCompile>
  </ItemGroup>
  <ItemGroup>
    <None Include="packages.config" />
    <None Include="..\shaders\heightmap.frag">
      <Filter>Shaders</Filter>
    </None>
    <None Include="..\shaders\heightmap.vert">
      <Filter>Shaders</Filter>
    </None>
    <None Include="..\shaders\normals.frag">
      <Filter>Shaders</Filter>
    </None>
    <None Include="..\shaders\normals.gs">
      <Filter>Shaders</Filter>
    </None>
    <None Include="..\shaders\normals.vert">
      <Filter>Shaders</Filter>
    </None>
    <None Include="..\shaders\skybox.frag">
      <Filter>Shaders</Filter>
    </None>
    <None Include="..\shaders\skybox.vert">
      <Filter>Shaders</Filter>
    </None>
    <None Include="..\shaders\water.frag">
      <Filter>Shaders</Filter>
    </None>
    <None Include="..\shaders\water.vert">
      <Filter>Shaders</Filter>
    </None>
    <None Include="..\shaders\particles.frag">
      <Filter>Shaders</Filter>
    </None>
    <None Include="..\shaders\particles.vert">
      <Filter>Shaders</Filter>
    </None>
    <None Include="ClassDiagram.cd" />
    <None Include="..\shaders\particles_1.vert">
      <Filter>Shaders</Filter>
    </None>
    <None Include="..\shaders\particles_1.frag">
      <Filter>Shaders</Filter>
    </None>
  </ItemGroup>
  <ItemGroup>
    <Image Include="..\skybox\back.JPG">
      <Filter>Resource Files\skybox</Filter>
    </Image>
    <Image Include="..\skybox\bottom.JPG">
      <Filter>Resource Files\skybox</Filter>
    </Image>
    <Image Include="..\skybox\front.jpg">
      <Filter>Resource Files\skybox</Filter>
    </Image>
    <Image Include="..\skybox\left.jpg">
      <Filter>Resource Files\skybox</Filter>
    </Image>
    <Image Include="..\skybox\right.jpg">
      <Filter>Resource Files\skybox</Filter>
    </Image>
    <Image Include="..\skybox\top.jpg">
      <Filter>Resource Files\skybox</Filter>
    </Image>
    <Image Include="..\textures\grass.jpg">
      <Filter>Resource Files\heightmap</Filter>
    </Image>
    <Image Include="..\textures\grass_2.jpg">
      <Filter>Resource Files\heightmap</Filter>
    </Image>
    <Image Include="..\textures\grass_3.jpg">
      <Filter>Resource Files\heightmap</Filter>
    </Image>
    <Image Include="..\textures\grass_4.jpg">
      <Filter>Resource Files\heightmap</Filter>
    </Image>
    <Image Include="..\textures\grass_rock.jpg">
      <Filter>Resource Files\heightmap</Filter>
    </Image>
    <Image Include="..\textures\rock_2_4w.jpg">
      <Filter>Resource Files\heightmap</Filter>
    </Image>
    <Image Include="..\textures\sand.jpg">
      <Filter>Resource Files\heightmap</Filter>
    </Image>
    <Image Include="..\textures\sand_grass_02.jpg">
      <Filter>Resource Files\heightmap</Filter>
    </Image>
    <Image Include="..\textures\snow.jpg">
      <Filter>Resource Files\heightmap</Filter>
    </Image>
  </ItemGroup>
</Project>